
Microsoft Visual Studio Solution File, Format Version 12.00
# Visual Studio 14
VisualStudioVersion = 14.0.25420.1
MinimumVisualStudioVersion = 10.0.40219.1
Project("{2150E333-8FDC-42A3-9474-1A3956D46DE8}") = "src", "src", "{1F8FD49A-5E87-40DC-9B1B-D88F99C79E5D}"
EndProject
Project("{2150E333-8FDC-42A3-9474-1A3956D46DE8}") = "Solution Items", "Solution Items", "{1EA559DA-1020-4398-AB67-5175610FD9CD}"
	ProjectSection(SolutionItems) = preProject
		cake.config = cake.config
		global.json = global.json
	EndProjectSection
EndProject
Project("{8BB2217D-0F2D-49D1-97BC-3654ED321F3B}") = "Nest.Queryify5", "src\Nest.Queryify5\Nest.Queryify5.xproj", "{AD95514C-EA0A-48BA-B48D-4D8C78B78DFE}"
EndProject
Global
	GlobalSection(SolutionConfigurationPlatforms) = preSolution
		Debug|Any CPU = Debug|Any CPU
		Release|Any CPU = Release|Any CPU
	EndGlobalSection
	GlobalSection(ProjectConfigurationPlatforms) = postSolution
		{AD95514C-EA0A-48BA-B48D-4D8C78B78DFE}.Debug|Any CPU.ActiveCfg = Debug|Any CPU
		{AD95514C-EA0A-48BA-B48D-4D8C78B78DFE}.Debug|Any CPU.Build.0 = Debug|Any CPU
		{AD95514C-EA0A-48BA-B48D-4D8C78B78DFE}.Release|Any CPU.ActiveCfg = Release|Any CPU
		{AD95514C-EA0A-48BA-B48D-4D8C78B78DFE}.Release|Any CPU.Build.0 = Release|Any CPU
	EndGlobalSection
	GlobalSection(SolutionProperties) = preSolution
		HideSolutionNode = FALSE
	EndGlobalSection
	GlobalSection(NestedProjects) = preSolution
		{AD95514C-EA0A-48BA-B48D-4D8C78B78DFE} = {1F8FD49A-5E87-40DC-9B1B-D88F99C79E5D}
	EndGlobalSection
EndGlobal
